{
    "_readme": [
        "This file locks the dependencies of your project to a known state",
        "Read more about it at https://getcomposer.org/doc/01-basic-usage.md#composer-lock-the-lock-file",
        "This file is @generated automatically"
    ],
    "content-hash": "a4ca4e360aec215e503e92e22551a7dc",
    "packages": [
        {
            "name": "zerathun/funclib",
            "version": "dev-master",
            "source": {
                "type": "git",
                "url": "https://github.com/zerathun/funclib.git",
                "reference": "737aa8294b42453d4bd8d18d2ae14312e103d2da"
            },
            "dist": {
                "type": "zip",
                "url": "https://api.github.com/repos/zerathun/funclib/zipball/737aa8294b42453d4bd8d18d2ae14312e103d2da",
                "reference": "737aa8294b42453d4bd8d18d2ae14312e103d2da",
                "shasum": ""
            },
            "type": "library",
            "autoload": {
                "psr-4": {
                    "Funclib\\": "src"
                }
            },
            "notification-url": "https://packagist.org/downloads/",
            "license": [
                "LGPL-2.0+"
            ],
            "description": "Database Library",
            "time": "2017-12-28T06:03:44+00:00"
        }
    ],
    "packages-dev": [],
    "aliases": [],
    "minimum-stability": "stable",
    "stability-flags": {
        "zerathun/funclib": 20
    },
    "prefer-stable": false,
    "prefer-lowest": false,
    "platform": {
        "php": ">=5.3.2"
    },
    "platform-dev": []
}
